// !$*UTF8*$!
{
	archiveVersion = 1;
	classes = {
	};
	objectVersion = 56;
	objects = {

/* Begin PBXBuildFile section */
		C04883422A4DCA2E0054B500 /* Facility.swift in Sources */ = {isa = PBXBuildFile; fileRef = C04883412A4DCA2E0054B500 /* Facility.swift */; };
		C04883442A4DD4630054B500 /* Favorites.swift in Sources */ = {isa = PBXBuildFile; fileRef = C04883432A4DD4630054B500 /* Favorites.swift */; };
		C0D050BC2A4CB369009ED4C6 /* SnowSeekerApp.swift in Sources */ = {isa = PBXBuildFile; fileRef = C0D050BB2A4CB369009ED4C6 /* SnowSeekerApp.swift */; };
		C0D050BE2A4CB369009ED4C6 /* ContentView.swift in Sources */ = {isa = PBXBuildFile; fileRef = C0D050BD2A4CB369009ED4C6 /* ContentView.swift */; };
		C0D050C02A4CB36B009ED4C6 /* Assets.xcassets in Resources */ = {isa = PBXBuildFile; fileRef = C0D050BF2A4CB36B009ED4C6 /* Assets.xcassets */; };
		C0D050C32A4CB36B009ED4C6 /* Preview Assets.xcassets in Resources */ = {isa = PBXBuildFile; fileRef = C0D050C22A4CB36B009ED4C6 /* Preview Assets.xcassets */; };
		C0D050CA2A4CB4CB009ED4C6 /* resorts.json in Resources */ = {isa = PBXBuildFile; fileRef = C0D050C92A4CB4CB009ED4C6 /* resorts.json */; };
		C0D050CC2A4CB5A5009ED4C6 /* Resort.swift in Sources */ = {isa = PBXBuildFile; fileRef = C0D050CB2A4CB5A5009ED4C6 /* Resort.swift */; };
		C0D050CE2A4CB6B8009ED4C6 /* Bundle-Decodable.swift in Sources */ = {isa = PBXBuildFile; fileRef = C0D050CD2A4CB6B8009ED4C6 /* Bundle-Decodable.swift */; };
		C0D050D02A4CBBDD009ED4C6 /* WelcomeView.swift in Sources */ = {isa = PBXBuildFile; fileRef = C0D050CF2A4CBBDD009ED4C6 /* WelcomeView.swift */; };
		C0D050D22A4CD243009ED4C6 /* ResortView.swift in Sources */ = {isa = PBXBuildFile; fileRef = C0D050D12A4CD243009ED4C6 /* ResortView.swift */; };
		C0D050D42A4CD414009ED4C6 /* SkiDetailsView.swift in Sources */ = {isa = PBXBuildFile; fileRef = C0D050D32A4CD414009ED4C6 /* SkiDetailsView.swift */; };
		C0D050D62A4CD5AE009ED4C6 /* ResortDetailsView.swift in Sources */ = {isa = PBXBuildFile; fileRef = C0D050D52A4CD5AE009ED4C6 /* ResortDetailsView.swift */; };
/* End PBXBuildFile section */

/* Begin PBXFileReference section */
		C04883412A4DCA2E0054B500 /* Facility.swift */ = {isa = PBXFileReference; lastKnownFileType = sourcecode.swift; path = Facility.swift; sourceTree = "<group>"; };
		C04883432A4DD4630054B500 /* Favorites.swift */ = {isa = PBXFileReference; lastKnownFileType = sourcecode.swift; path = Favorites.swift; sourceTree = "<group>"; };
		C0D050B82A4CB369009ED4C6 /* SnowSeeker.app */ = {isa = PBXFileReference; explicitFileType = wrapper.application; includeInIndex = 0; path = SnowSeeker.app; sourceTree = BUILT_PRODUCTS_DIR; };
		C0D050BB2A4CB369009ED4C6 /* SnowSeekerApp.swift */ = {isa = PBXFileReference; lastKnownFileType = sourcecode.swift; path = SnowSeekerApp.swift; sourceTree = "<group>"; };
		C0D050BD2A4CB369009ED4C6 /* ContentView.swift */ = {isa = PBXFileReference; lastKnownFileType = sourcecode.swift; path = ContentView.swift; sourceTree = "<group>"; };
		C0D050BF2A4CB36B009ED4C6 /* Assets.xcassets */ = {isa = PBXFileReference; lastKnownFileType = folder.assetcatalog; path = Assets.xcassets; sourceTree = "<group>"; };
		C0D050C22A4CB36B009ED4C6 /* Preview Assets.xcassets */ = {isa = PBXFileReference; lastKnownFileType = folder.assetcatalog; path = "Preview Assets.xcassets"; sourceTree = "<group>"; };
		C0D050C92A4CB4CB009ED4C6 /* resorts.json */ = {isa = PBXFileReference; fileEncoding = 4; lastKnownFileType = text.json; path = resorts.json; sourceTree = "<group>"; };
		C0D050CB2A4CB5A5009ED4C6 /* Resort.swift */ = {isa = PBXFileReference; lastKnownFileType = sourcecode.swift; path = Resort.swift; sourceTree = "<group>"; };
		C0D050CD2A4CB6B8009ED4C6 /* Bundle-Decodable.swift */ = {isa = PBXFileReference; lastKnownFileType = sourcecode.swift; path = "Bundle-Decodable.swift"; sourceTree = "<group>"; };
		C0D050CF2A4CBBDD009ED4C6 /* WelcomeView.swift */ = {isa = PBXFileReference; lastKnownFileType = sourcecode.swift; path = WelcomeView.swift; sourceTree = "<group>"; };
		C0D050D12A4CD243009ED4C6 /* ResortView.swift */ = {isa = PBXFileReference; lastKnownFileType = sourcecode.swift; path = ResortView.swift; sourceTree = "<group>"; };
		C0D050D32A4CD414009ED4C6 /* SkiDetailsView.swift */ = {isa = PBXFileReference; lastKnownFileType = sourcecode.swift; path = SkiDetailsView.swift; sourceTree = "<group>"; };
		C0D050D52A4CD5AE009ED4C6 /* ResortDetailsView.swift */ = {isa = PBXFileReference; lastKnownFileType = sourcecode.swift; path = ResortDetailsView.swift; sourceTree = "<group>"; };
/* End PBXFileReference section */

/* Begin PBXFrameworksBuildPhase section */
		C0D050B52A4CB369009ED4C6 /* Frameworks */ = {
			isa = PBXFrameworksBuildPhase;
			buildActionMask = 2147483647;
			files = (
			);
			runOnlyForDeploymentPostprocessing = 0;
		};
/* End PBXFrameworksBuildPhase section */

/* Begin PBXGroup section */
		C0D050AF2A4CB369009ED4C6 = {
			isa = PBXGroup;
			children = (
				C0D050BA2A4CB369009ED4C6 /* SnowSeeker */,
				C0D050B92A4CB369009ED4C6 /* Products */,
			);
			sourceTree = "<group>";
		};
		C0D050B92A4CB369009ED4C6 /* Products */ = {
			isa = PBXGroup;
			children = (
				C0D050B82A4CB369009ED4C6 /* SnowSeeker.app */,
			);
			name = Products;
			sourceTree = "<group>";
		};
		C0D050BA2A4CB369009ED4C6 /* SnowSeeker */ = {
			isa = PBXGroup;
			children = (
				C0D050BB2A4CB369009ED4C6 /* SnowSeekerApp.swift */,
				C0D050BD2A4CB369009ED4C6 /* ContentView.swift */,
				C0D050CF2A4CBBDD009ED4C6 /* WelcomeView.swift */,
				C0D050D32A4CD414009ED4C6 /* SkiDetailsView.swift */,
				C0D050D52A4CD5AE009ED4C6 /* ResortDetailsView.swift */,
				C0D050D12A4CD243009ED4C6 /* ResortView.swift */,
				C0D050CB2A4CB5A5009ED4C6 /* Resort.swift */,
				C04883432A4DD4630054B500 /* Favorites.swift */,
				C04883412A4DCA2E0054B500 /* Facility.swift */,
				C0D050CD2A4CB6B8009ED4C6 /* Bundle-Decodable.swift */,
				C0D050C92A4CB4CB009ED4C6 /* resorts.json */,
				C0D050BF2A4CB36B009ED4C6 /* Assets.xcassets */,
				C0D050C12A4CB36B009ED4C6 /* Preview Content */,
			);
			path = SnowSeeker;
			sourceTree = "<group>";
		};
		C0D050C12A4CB36B009ED4C6 /* Preview Content */ = {
			isa = PBXGroup;
			children = (
				C0D050C22A4CB36B009ED4C6 /* Preview Assets.xcassets */,
			);
			path = "Preview Content";
			sourceTree = "<group>";
		};
/* End PBXGroup section */

/* Begin PBXNativeTarget section */
		C0D050B72A4CB369009ED4C6 /* SnowSeeker */ = {
			isa = PBXNativeTarget;
			buildConfigurationList = C0D050C62A4CB36B009ED4C6 /* Build configuration list for PBXNativeTarget "SnowSeeker" */;
			buildPhases = (
				C0D050B42A4CB369009ED4C6 /* Sources */,
				C0D050B52A4CB369009ED4C6 /* Frameworks */,
				C0D050B62A4CB369009ED4C6 /* Resources */,
			);
			buildRules = (
			);
			dependencies = (
			);
			name = SnowSeeker;
			productName = SnowSeeker;
			productReference = C0D050B82A4CB369009ED4C6 /* SnowSeeker.app */;
			productType = "com.apple.product-type.application";
		};
/* End PBXNativeTarget section */

/* Begin PBXProject section */
		C0D050B02A4CB369009ED4C6 /* Project object */ = {
			isa = PBXProject;
			attributes = {
				BuildIndependentTargetsInParallel = 1;
				LastSwiftUpdateCheck = 1430;
				LastUpgradeCheck = 1430;
				TargetAttributes = {
					C0D050B72A4CB369009ED4C6 = {
						CreatedOnToolsVersion = 14.3.1;
					};
				};
			};
			buildConfigurationList = C0D050B32A4CB369009ED4C6 /* Build configuration list for PBXProject "SnowSeeker" */;
			compatibilityVersion = "Xcode 14.0";
			developmentRegion = en;
			hasScannedForEncodings = 0;
			knownRegions = (
				en,
				Base,
			);
			mainGroup = C0D050AF2A4CB369009ED4C6;
			productRefGroup = C0D050B92A4CB369009ED4C6 /* Products */;
			projectDirPath = "";
			projectRoot = "";
			targets = (
				C0D050B72A4CB369009ED4C6 /* SnowSeeker */,
			);
		};
/* End PBXProject section */

/* Begin PBXResourcesBuildPhase section */
		C0D050B62A4CB369009ED4C6 /* Resources */ = {
			isa = PBXResourcesBuildPhase;
			buildActionMask = 2147483647;
			files = (
				C0D050CA2A4CB4CB009ED4C6 /* resorts.json in Resources */,
				C0D050C32A4CB36B009ED4C6 /* Preview Assets.xcassets in Resources */,
				C0D050C02A4CB36B009ED4C6 /* Assets.xcassets in Resources */,
			);
			runOnlyForDeploymentPostprocessing = 0;
		};
/* End PBXResourcesBuildPhase section */

/* Begin PBXSourcesBuildPhase section */
		C0D050B42A4CB369009ED4C6 /* Sources */ = {
			isa = PBXSourcesBuildPhase;
			buildActionMask = 2147483647;
			files = (
				C0D050D02A4CBBDD009ED4C6 /* WelcomeView.swift in Sources */,
				C0D050D42A4CD414009ED4C6 /* SkiDetailsView.swift in Sources */,
				C0D050D62A4CD5AE009ED4C6 /* ResortDetailsView.swift in Sources */,
				C04883442A4DD4630054B500 /* Favorites.swift in Sources */,
				C04883422A4DCA2E0054B500 /* Facility.swift in Sources */,
				C0D050BE2A4CB369009ED4C6 /* ContentView.swift in Sources */,
				C0D050CC2A4CB5A5009ED4C6 /* Resort.swift in Sources */,
				C0D050D22A4CD243009ED4C6 /* ResortView.swift in Sources */,
				C0D050BC2A4CB369009ED4C6 /* SnowSeekerApp.swift in Sources */,
				C0D050CE2A4CB6B8009ED4C6 /* Bundle-Decodable.swift in Sources */,
			);
			runOnlyForDeploymentPostprocessing = 0;
		};
/* End PBXSourcesBuildPhase section */

/* Begin XCBuildConfiguration section */
		C0D050C42A4CB36B009ED4C6 /* Debug */ = {
			isa = XCBuildConfiguration;
			buildSettings = {
				ALWAYS_SEARCH_USER_PATHS = NO;
				CLANG_ANALYZER_NONNULL = YES;
				CLANG_ANALYZER_NUMBER_OBJECT_CONVERSION = YES_AGGRESSIVE;
				CLANG_CXX_LANGUAGE_STANDARD = "gnu++20";
				CLANG_ENABLE_MODULES = YES;
				CLANG_ENABLE_OBJC_ARC = YES;
				CLANG_ENABLE_OBJC_WEAK = YES;
				CLANG_WARN_BLOCK_CAPTURE_AUTORELEASING = YES;
				CLANG_WARN_BOOL_CONVERSION = YES;
				CLANG_WARN_COMMA = YES;
				CLANG_WARN_CONSTANT_CONVERSION = YES;
				CLANG_WARN_DEPRECATED_OBJC_IMPLEMENTATIONS = YES;
				CLANG_WARN_DIRECT_OBJC_ISA_USAGE = YES_ERROR;
				CLANG_WARN_DOCUMENTATION_COMMENTS = YES;
				CLANG_WARN_EMPTY_BODY = YES;
				CLANG_WARN_ENUM_CONVERSION = YES;
				CLANG_WARN_INFINITE_RECURSION = YES;
				CLANG_WARN_INT_CONVERSION = YES;
				CLANG_WARN_NON_LITERAL_NULL_CONVERSION = YES;
				CLANG_WARN_OBJC_IMPLICIT_RETAIN_SELF = YES;
				CLANG_WARN_OBJC_LITERAL_CONVERSION = YES;
				CLANG_WARN_OBJC_ROOT_CLASS = YES_ERROR;
				CLANG_WARN_QUOTED_INCLUDE_IN_FRAMEWORK_HEADER = YES;
				CLANG_WARN_RANGE_LOOP_ANALYSIS = YES;
				CLANG_WARN_STRICT_PROTOTYPES = YES;
				CLANG_WARN_SUSPICIOUS_MOVE = YES;
				CLANG_WARN_UNGUARDED_AVAILABILITY = YES_AGGRESSIVE;
				CLANG_WARN_UNREACHABLE_CODE = YES;
				CLANG_WARN__DUPLICATE_METHOD_MATCH = YES;
				COPY_PHASE_STRIP = NO;
				DEBUG_INFORMATION_FORMAT = dwarf;
				ENABLE_STRICT_OBJC_MSGSEND = YES;
				ENABLE_TESTABILITY = YES;
				GCC_C_LANGUAGE_STANDARD = gnu11;
				GCC_DYNAMIC_NO_PIC = NO;
				GCC_NO_COMMON_BLOCKS = YES;
				GCC_OPTIMIZATION_LEVEL = 0;
				GCC_PREPROCESSOR_DEFINITIONS = (
					"DEBUG=1",
					"$(inherited)",
				);
				GCC_WARN_64_TO_32_BIT_CONVERSION = YES;
				GCC_WARN_ABOUT_RETURN_TYPE = YES_ERROR;
				GCC_WARN_UNDECLARED_SELECTOR = YES;
				GCC_WARN_UNINITIALIZED_AUTOS = YES_AGGRESSIVE;
				GCC_WARN_UNUSED_FUNCTION = YES;
				GCC_WARN_UNUSED_VARIABLE = YES;
				IPHONEOS_DEPLOYMENT_TARGET = 16.4;
				MTL_ENABLE_DEBUG_INFO = INCLUDE_SOURCE;
				MTL_FAST_MATH = YES;
				ONLY_ACTIVE_ARCH = YES;
				SDKROOT = iphoneos;
				SWIFT_ACTIVE_COMPILATION_CONDITIONS = DEBUG;
				SWIFT_OPTIMIZATION_LEVEL = "-Onone";
			};
			name = Debug;
		};
		C0D050C52A4CB36B009ED4C6 /* Release */ = {
			isa = XCBuildConfiguration;
			buildSettings = {
				ALWAYS_SEARCH_USER_PATHS = NO;
				CLANG_ANALYZER_NONNULL = YES;
				CLANG_ANALYZER_NUMBER_OBJECT_CONVERSION = YES_AGGRESSIVE;
				CLANG_CXX_LANGUAGE_STANDARD = "gnu++20";
				CLANG_ENABLE_MODULES = YES;
				CLANG_ENABLE_OBJC_ARC = YES;
				CLANG_ENABLE_OBJC_WEAK = YES;
				CLANG_WARN_BLOCK_CAPTURE_AUTORELEASING = YES;
				CLANG_WARN_BOOL_CONVERSION = YES;
				CLANG_WARN_COMMA = YES;
				CLANG_WARN_CONSTANT_CONVERSION = YES;
				CLANG_WARN_DEPRECATED_OBJC_IMPLEMENTATIONS = YES;
				CLANG_WARN_DIRECT_OBJC_ISA_USAGE = YES_ERROR;
				CLANG_WARN_DOCUMENTATION_COMMENTS = YES;
				CLANG_WARN_EMPTY_BODY = YES;
				CLANG_WARN_ENUM_CONVERSION = YES;
				CLANG_WARN_INFINITE_RECURSION = YES;
				CLANG_WARN_INT_CONVERSION = YES;
				CLANG_WARN_NON_LITERAL_NULL_CONVERSION = YES;
				CLANG_WARN_OBJC_IMPLICIT_RETAIN_SELF = YES;
				CLANG_WARN_OBJC_LITERAL_CONVERSION = YES;
				CLANG_WARN_OBJC_ROOT_CLASS = YES_ERROR;
				CLANG_WARN_QUOTED_INCLUDE_IN_FRAMEWORK_HEADER = YES;
				CLANG_WARN_RANGE_LOOP_ANALYSIS = YES;
				CLANG_WARN_STRICT_PROTOTYPES = YES;
				CLANG_WARN_SUSPICIOUS_MOVE = YES;
				CLANG_WARN_UNGUARDED_AVAILABILITY = YES_AGGRESSIVE;
				CLANG_WARN_UNREACHABLE_CODE = YES;
				CLANG_WARN__DUPLICATE_METHOD_MATCH = YES;
				COPY_PHASE_STRIP = NO;
				DEBUG_INFORMATION_FORMAT = "dwarf-with-dsym";
				ENABLE_NS_ASSERTIONS = NO;
				ENABLE_STRICT_OBJC_MSGSEND = YES;
				GCC_C_LANGUAGE_STANDARD = gnu11;
				GCC_NO_COMMON_BLOCKS = YES;
				GCC_WARN_64_TO_32_BIT_CONVERSION = YES;
				GCC_WARN_ABOUT_RETURN_TYPE = YES_ERROR;
				GCC_WARN_UNDECLARED_SELECTOR = YES;
				GCC_WARN_UNINITIALIZED_AUTOS = YES_AGGRESSIVE;
				GCC_WARN_UNUSED_FUNCTION = YES;
				GCC_WARN_UNUSED_VARIABLE = YES;
				IPHONEOS_DEPLOYMENT_TARGET = 16.4;
				MTL_ENABLE_DEBUG_INFO = NO;
				MTL_FAST_MATH = YES;
				SDKROOT = iphoneos;
				SWIFT_COMPILATION_MODE = wholemodule;
				SWIFT_OPTIMIZATION_LEVEL = "-O";
				VALIDATE_PRODUCT = YES;
			};
			name = Release;
		};
		C0D050C72A4CB36B009ED4C6 /* Debug */ = {
			isa = XCBuildConfiguration;
			buildSettings = {
				ASSETCATALOG_COMPILER_APPICON_NAME = AppIcon;
				ASSETCATALOG_COMPILER_GLOBAL_ACCENT_COLOR_NAME = AccentColor;
				CODE_SIGN_STYLE = Automatic;
				CURRENT_PROJECT_VERSION = 1;
				DEVELOPMENT_ASSET_PATHS = "\"SnowSeeker/Preview Content\"";
				DEVELOPMENT_TEAM = Z9J9U96FB7;
				ENABLE_PREVIEWS = YES;
				GENERATE_INFOPLIST_FILE = YES;
				INFOPLIST_KEY_UIApplicationSceneManifest_Generation = YES;
				INFOPLIST_KEY_UIApplicationSupportsIndirectInputEvents = YES;
				INFOPLIST_KEY_UILaunchScreen_Generation = YES;
				INFOPLIST_KEY_UISupportedInterfaceOrientations_iPad = "UIInterfaceOrientationPortrait UIInterfaceOrientationPortraitUpsideDown UIInterfaceOrientationLandscapeLeft UIInterfaceOrientationLandscapeRight";
				INFOPLIST_KEY_UISupportedInterfaceOrientations_iPhone = "UIInterfaceOrientationPortrait UIInterfaceOrientationLandscapeLeft UIInterfaceOrientationLandscapeRight";
				LD_RUNPATH_SEARCH_PATHS = (
					"$(inherited)",
					"@executable_path/Frameworks",
				);
				MARKETING_VERSION = 1.0;
				PRODUCT_BUNDLE_IDENTIFIER = gabrielcs0.qtc.SnowSeeker;
				PRODUCT_NAME = "$(TARGET_NAME)";
				SWIFT_EMIT_LOC_STRINGS = YES;
				SWIFT_VERSION = 5.0;
				TARGETED_DEVICE_FAMILY = "1,2";
			};
			name = Debug;
		};
		C0D050C82A4CB36B009ED4C6 /* Release */ = {
			isa = XCBuildConfiguration;
			buildSettings = {
				ASSETCATALOG_COMPILER_APPICON_NAME = AppIcon;
				ASSETCATALOG_COMPILER_GLOBAL_ACCENT_COLOR_NAME = AccentColor;
				CODE_SIGN_STYLE = Automatic;
				CURRENT_PROJECT_VERSION = 1;
				DEVELOPMENT_ASSET_PATHS = "\"SnowSeeker/Preview Content\"";
				DEVELOPMENT_TEAM = Z9J9U96FB7;
				ENABLE_PREVIEWS = YES;
				GENERATE_INFOPLIST_FILE = YES;
				INFOPLIST_KEY_UIApplicationSceneManifest_Generation = YES;
				INFOPLIST_KEY_UIApplicationSupportsIndirectInputEvents = YES;
				INFOPLIST_KEY_UILaunchScreen_Generation = YES;
				INFOPLIST_KEY_UISupportedInterfaceOrientations_iPad = "UIInterfaceOrientationPortrait UIInterfaceOrientationPortraitUpsideDown UIInterfaceOrientationLandscapeLeft UIInterfaceOrientationLandscapeRight";
				INFOPLIST_KEY_UISupportedInterfaceOrientations_iPhone = "UIInterfaceOrientationPortrait UIInterfaceOrientationLandscapeLeft UIInterfaceOrientationLandscapeRight";
				LD_RUNPATH_SEARCH_PATHS = (
					"$(inherited)",
					"@executable_path/Frameworks",
				);
				MARKETING_VERSION = 1.0;
				PRODUCT_BUNDLE_IDENTIFIER = gabrielcs0.qtc.SnowSeeker;
				PRODUCT_NAME = "$(TARGET_NAME)";
				SWIFT_EMIT_LOC_STRINGS = YES;
				SWIFT_VERSION = 5.0;
				TARGETED_DEVICE_FAMILY = "1,2";
			};
			name = Release;
		};
/* End XCBuildConfiguration section */

/* Begin XCConfigurationList section */
		C0D050B32A4CB369009ED4C6 /* Build configuration list for PBXProject "SnowSeeker" */ = {
			isa = XCConfigurationList;
			buildConfigurations = (
				C0D050C42A4CB36B009ED4C6 /* Debug */,
				C0D050C52A4CB36B009ED4C6 /* Release */,
			);
			defaultConfigurationIsVisible = 0;
			defaultConfigurationName = Release;
		};
		C0D050C62A4CB36B009ED4C6 /* Build configuration list for PBXNativeTarget "SnowSeeker" */ = {
			isa = XCConfigurationList;
			buildConfigurations = (
				C0D050C72A4CB36B009ED4C6 /* Debug */,
				C0D050C82A4CB36B009ED4C6 /* Release */,
			);
			defaultConfigurationIsVisible = 0;
			defaultConfigurationName = Release;
		};
/* End XCConfigurationList section */
	};
	rootObject = C0D050B02A4CB369009ED4C6 /* Project object */;
}
