// !$*UTF8*$!
{
	archiveVersion = 1;
	classes = {
	};
	objectVersion = 56;
	objects = {

/* Begin PBXBuildFile section */
		C005DD902A31094D001C2740 /* ISocial.xcdatamodeld in Sources */ = {isa = PBXBuildFile; fileRef = C005DD8E2A31094D001C2740 /* ISocial.xcdatamodeld */; };
		C005DD922A310EB6001C2740 /* DataController.swift in Sources */ = {isa = PBXBuildFile; fileRef = C005DD912A310EB6001C2740 /* DataController.swift */; };
		C005DD972A3137DA001C2740 /* CachedUser+CoreDataClass.swift in Sources */ = {isa = PBXBuildFile; fileRef = C005DD932A3137DA001C2740 /* CachedUser+CoreDataClass.swift */; };
		C005DD982A3137DA001C2740 /* CachedUser+CoreDataProperties.swift in Sources */ = {isa = PBXBuildFile; fileRef = C005DD942A3137DA001C2740 /* CachedUser+CoreDataProperties.swift */; };
		C005DD992A3137DA001C2740 /* CachedFriend+CoreDataClass.swift in Sources */ = {isa = PBXBuildFile; fileRef = C005DD952A3137DA001C2740 /* CachedFriend+CoreDataClass.swift */; };
		C005DD9A2A3137DA001C2740 /* CachedFriend+CoreDataProperties.swift in Sources */ = {isa = PBXBuildFile; fileRef = C005DD962A3137DA001C2740 /* CachedFriend+CoreDataProperties.swift */; };
		C071800C2A2E2C2000545822 /* C4_ISocialApp.swift in Sources */ = {isa = PBXBuildFile; fileRef = C071800B2A2E2C2000545822 /* C4_ISocialApp.swift */; };
		C071800E2A2E2C2000545822 /* ContentView.swift in Sources */ = {isa = PBXBuildFile; fileRef = C071800D2A2E2C2000545822 /* ContentView.swift */; };
		C07180102A2E2C2200545822 /* Assets.xcassets in Resources */ = {isa = PBXBuildFile; fileRef = C071800F2A2E2C2200545822 /* Assets.xcassets */; };
		C07180132A2E2C2200545822 /* Preview Assets.xcassets in Resources */ = {isa = PBXBuildFile; fileRef = C07180122A2E2C2200545822 /* Preview Assets.xcassets */; };
		C071801A2A2E2D0000545822 /* User.swift in Sources */ = {isa = PBXBuildFile; fileRef = C07180192A2E2D0000545822 /* User.swift */; };
		C071801C2A2E341900545822 /* UserViewModel.swift in Sources */ = {isa = PBXBuildFile; fileRef = C071801B2A2E341900545822 /* UserViewModel.swift */; };
		C071801E2A2E5CE900545822 /* UserDetailView.swift in Sources */ = {isa = PBXBuildFile; fileRef = C071801D2A2E5CE900545822 /* UserDetailView.swift */; };
/* End PBXBuildFile section */

/* Begin PBXFileReference section */
		C005DD8F2A31094D001C2740 /* ISocial.xcdatamodel */ = {isa = PBXFileReference; lastKnownFileType = wrapper.xcdatamodel; path = ISocial.xcdatamodel; sourceTree = "<group>"; };
		C005DD912A310EB6001C2740 /* DataController.swift */ = {isa = PBXFileReference; lastKnownFileType = sourcecode.swift; path = DataController.swift; sourceTree = "<group>"; };
		C005DD932A3137DA001C2740 /* CachedUser+CoreDataClass.swift */ = {isa = PBXFileReference; lastKnownFileType = sourcecode.swift; path = "CachedUser+CoreDataClass.swift"; sourceTree = "<group>"; };
		C005DD942A3137DA001C2740 /* CachedUser+CoreDataProperties.swift */ = {isa = PBXFileReference; lastKnownFileType = sourcecode.swift; path = "CachedUser+CoreDataProperties.swift"; sourceTree = "<group>"; };
		C005DD952A3137DA001C2740 /* CachedFriend+CoreDataClass.swift */ = {isa = PBXFileReference; lastKnownFileType = sourcecode.swift; path = "CachedFriend+CoreDataClass.swift"; sourceTree = "<group>"; };
		C005DD962A3137DA001C2740 /* CachedFriend+CoreDataProperties.swift */ = {isa = PBXFileReference; lastKnownFileType = sourcecode.swift; path = "CachedFriend+CoreDataProperties.swift"; sourceTree = "<group>"; };
		C07180082A2E2C2000545822 /* C4-ISocial.app */ = {isa = PBXFileReference; explicitFileType = wrapper.application; includeInIndex = 0; path = "C4-ISocial.app"; sourceTree = BUILT_PRODUCTS_DIR; };
		C071800B2A2E2C2000545822 /* C4_ISocialApp.swift */ = {isa = PBXFileReference; lastKnownFileType = sourcecode.swift; path = C4_ISocialApp.swift; sourceTree = "<group>"; };
		C071800D2A2E2C2000545822 /* ContentView.swift */ = {isa = PBXFileReference; lastKnownFileType = sourcecode.swift; path = ContentView.swift; sourceTree = "<group>"; };
		C071800F2A2E2C2200545822 /* Assets.xcassets */ = {isa = PBXFileReference; lastKnownFileType = folder.assetcatalog; path = Assets.xcassets; sourceTree = "<group>"; };
		C07180122A2E2C2200545822 /* Preview Assets.xcassets */ = {isa = PBXFileReference; lastKnownFileType = folder.assetcatalog; path = "Preview Assets.xcassets"; sourceTree = "<group>"; };
		C07180192A2E2D0000545822 /* User.swift */ = {isa = PBXFileReference; lastKnownFileType = sourcecode.swift; path = User.swift; sourceTree = "<group>"; };
		C071801B2A2E341900545822 /* UserViewModel.swift */ = {isa = PBXFileReference; lastKnownFileType = sourcecode.swift; path = UserViewModel.swift; sourceTree = "<group>"; };
		C071801D2A2E5CE900545822 /* UserDetailView.swift */ = {isa = PBXFileReference; lastKnownFileType = sourcecode.swift; path = UserDetailView.swift; sourceTree = "<group>"; };
/* End PBXFileReference section */

/* Begin PBXFrameworksBuildPhase section */
		C07180052A2E2C2000545822 /* Frameworks */ = {
			isa = PBXFrameworksBuildPhase;
			buildActionMask = 2147483647;
			files = (
			);
			runOnlyForDeploymentPostprocessing = 0;
		};
/* End PBXFrameworksBuildPhase section */

/* Begin PBXGroup section */
		C0717FFF2A2E2C2000545822 = {
			isa = PBXGroup;
			children = (
				C071800A2A2E2C2000545822 /* C4-ISocial */,
				C07180092A2E2C2000545822 /* Products */,
			);
			sourceTree = "<group>";
		};
		C07180092A2E2C2000545822 /* Products */ = {
			isa = PBXGroup;
			children = (
				C07180082A2E2C2000545822 /* C4-ISocial.app */,
			);
			name = Products;
			sourceTree = "<group>";
		};
		C071800A2A2E2C2000545822 /* C4-ISocial */ = {
			isa = PBXGroup;
			children = (
				C005DD932A3137DA001C2740 /* CachedUser+CoreDataClass.swift */,
				C005DD942A3137DA001C2740 /* CachedUser+CoreDataProperties.swift */,
				C005DD952A3137DA001C2740 /* CachedFriend+CoreDataClass.swift */,
				C005DD962A3137DA001C2740 /* CachedFriend+CoreDataProperties.swift */,
				C071800B2A2E2C2000545822 /* C4_ISocialApp.swift */,
				C071800D2A2E2C2000545822 /* ContentView.swift */,
				C071801D2A2E5CE900545822 /* UserDetailView.swift */,
				C005DD912A310EB6001C2740 /* DataController.swift */,
				C071801B2A2E341900545822 /* UserViewModel.swift */,
				C07180192A2E2D0000545822 /* User.swift */,
				C005DD8E2A31094D001C2740 /* ISocial.xcdatamodeld */,
				C071800F2A2E2C2200545822 /* Assets.xcassets */,
				C07180112A2E2C2200545822 /* Preview Content */,
			);
			path = "C4-ISocial";
			sourceTree = "<group>";
		};
		C07180112A2E2C2200545822 /* Preview Content */ = {
			isa = PBXGroup;
			children = (
				C07180122A2E2C2200545822 /* Preview Assets.xcassets */,
			);
			path = "Preview Content";
			sourceTree = "<group>";
		};
/* End PBXGroup section */

/* Begin PBXNativeTarget section */
		C07180072A2E2C2000545822 /* C4-ISocial */ = {
			isa = PBXNativeTarget;
			buildConfigurationList = C07180162A2E2C2200545822 /* Build configuration list for PBXNativeTarget "C4-ISocial" */;
			buildPhases = (
				C07180042A2E2C2000545822 /* Sources */,
				C07180052A2E2C2000545822 /* Frameworks */,
				C07180062A2E2C2000545822 /* Resources */,
			);
			buildRules = (
			);
			dependencies = (
			);
			name = "C4-ISocial";
			productName = "C4-ISocial";
			productReference = C07180082A2E2C2000545822 /* C4-ISocial.app */;
			productType = "com.apple.product-type.application";
		};
/* End PBXNativeTarget section */

/* Begin PBXProject section */
		C07180002A2E2C2000545822 /* Project object */ = {
			isa = PBXProject;
			attributes = {
				BuildIndependentTargetsInParallel = 1;
				LastSwiftUpdateCheck = 1430;
				LastUpgradeCheck = 1430;
				TargetAttributes = {
					C07180072A2E2C2000545822 = {
						CreatedOnToolsVersion = 14.3.1;
					};
				};
			};
			buildConfigurationList = C07180032A2E2C2000545822 /* Build configuration list for PBXProject "C4-ISocial" */;
			compatibilityVersion = "Xcode 14.0";
			developmentRegion = en;
			hasScannedForEncodings = 0;
			knownRegions = (
				en,
				Base,
			);
			mainGroup = C0717FFF2A2E2C2000545822;
			productRefGroup = C07180092A2E2C2000545822 /* Products */;
			projectDirPath = "";
			projectRoot = "";
			targets = (
				C07180072A2E2C2000545822 /* C4-ISocial */,
			);
		};
/* End PBXProject section */

/* Begin PBXResourcesBuildPhase section */
		C07180062A2E2C2000545822 /* Resources */ = {
			isa = PBXResourcesBuildPhase;
			buildActionMask = 2147483647;
			files = (
				C07180132A2E2C2200545822 /* Preview Assets.xcassets in Resources */,
				C07180102A2E2C2200545822 /* Assets.xcassets in Resources */,
			);
			runOnlyForDeploymentPostprocessing = 0;
		};
/* End PBXResourcesBuildPhase section */

/* Begin PBXSourcesBuildPhase section */
		C07180042A2E2C2000545822 /* Sources */ = {
			isa = PBXSourcesBuildPhase;
			buildActionMask = 2147483647;
			files = (
				C005DD922A310EB6001C2740 /* DataController.swift in Sources */,
				C071800E2A2E2C2000545822 /* ContentView.swift in Sources */,
				C071801C2A2E341900545822 /* UserViewModel.swift in Sources */,
				C071800C2A2E2C2000545822 /* C4_ISocialApp.swift in Sources */,
				C005DD972A3137DA001C2740 /* CachedUser+CoreDataClass.swift in Sources */,
				C005DD9A2A3137DA001C2740 /* CachedFriend+CoreDataProperties.swift in Sources */,
				C071801E2A2E5CE900545822 /* UserDetailView.swift in Sources */,
				C005DD902A31094D001C2740 /* ISocial.xcdatamodeld in Sources */,
				C005DD982A3137DA001C2740 /* CachedUser+CoreDataProperties.swift in Sources */,
				C005DD992A3137DA001C2740 /* CachedFriend+CoreDataClass.swift in Sources */,
				C071801A2A2E2D0000545822 /* User.swift in Sources */,
			);
			runOnlyForDeploymentPostprocessing = 0;
		};
/* End PBXSourcesBuildPhase section */

/* Begin XCBuildConfiguration section */
		C07180142A2E2C2200545822 /* Debug */ = {
			isa = XCBuildConfiguration;
			buildSettings = {
				ALWAYS_SEARCH_USER_PATHS = NO;
				CLANG_ANALYZER_NONNULL = YES;
				CLANG_ANALYZER_NUMBER_OBJECT_CONVERSION = YES_AGGRESSIVE;
				CLANG_CXX_LANGUAGE_STANDARD = "gnu++20";
				CLANG_ENABLE_MODULES = YES;
				CLANG_ENABLE_OBJC_ARC = YES;
				CLANG_ENABLE_OBJC_WEAK = YES;
				CLANG_WARN_BLOCK_CAPTURE_AUTORELEASING = YES;
				CLANG_WARN_BOOL_CONVERSION = YES;
				CLANG_WARN_COMMA = YES;
				CLANG_WARN_CONSTANT_CONVERSION = YES;
				CLANG_WARN_DEPRECATED_OBJC_IMPLEMENTATIONS = YES;
				CLANG_WARN_DIRECT_OBJC_ISA_USAGE = YES_ERROR;
				CLANG_WARN_DOCUMENTATION_COMMENTS = YES;
				CLANG_WARN_EMPTY_BODY = YES;
				CLANG_WARN_ENUM_CONVERSION = YES;
				CLANG_WARN_INFINITE_RECURSION = YES;
				CLANG_WARN_INT_CONVERSION = YES;
				CLANG_WARN_NON_LITERAL_NULL_CONVERSION = YES;
				CLANG_WARN_OBJC_IMPLICIT_RETAIN_SELF = YES;
				CLANG_WARN_OBJC_LITERAL_CONVERSION = YES;
				CLANG_WARN_OBJC_ROOT_CLASS = YES_ERROR;
				CLANG_WARN_QUOTED_INCLUDE_IN_FRAMEWORK_HEADER = YES;
				CLANG_WARN_RANGE_LOOP_ANALYSIS = YES;
				CLANG_WARN_STRICT_PROTOTYPES = YES;
				CLANG_WARN_SUSPICIOUS_MOVE = YES;
				CLANG_WARN_UNGUARDED_AVAILABILITY = YES_AGGRESSIVE;
				CLANG_WARN_UNREACHABLE_CODE = YES;
				CLANG_WARN__DUPLICATE_METHOD_MATCH = YES;
				COPY_PHASE_STRIP = NO;
				DEBUG_INFORMATION_FORMAT = dwarf;
				ENABLE_STRICT_OBJC_MSGSEND = YES;
				ENABLE_TESTABILITY = YES;
				GCC_C_LANGUAGE_STANDARD = gnu11;
				GCC_DYNAMIC_NO_PIC = NO;
				GCC_NO_COMMON_BLOCKS = YES;
				GCC_OPTIMIZATION_LEVEL = 0;
				GCC_PREPROCESSOR_DEFINITIONS = (
					"DEBUG=1",
					"$(inherited)",
				);
				GCC_WARN_64_TO_32_BIT_CONVERSION = YES;
				GCC_WARN_ABOUT_RETURN_TYPE = YES_ERROR;
				GCC_WARN_UNDECLARED_SELECTOR = YES;
				GCC_WARN_UNINITIALIZED_AUTOS = YES_AGGRESSIVE;
				GCC_WARN_UNUSED_FUNCTION = YES;
				GCC_WARN_UNUSED_VARIABLE = YES;
				IPHONEOS_DEPLOYMENT_TARGET = 16.4;
				MTL_ENABLE_DEBUG_INFO = INCLUDE_SOURCE;
				MTL_FAST_MATH = YES;
				ONLY_ACTIVE_ARCH = YES;
				SDKROOT = iphoneos;
				SWIFT_ACTIVE_COMPILATION_CONDITIONS = DEBUG;
				SWIFT_OPTIMIZATION_LEVEL = "-Onone";
			};
			name = Debug;
		};
		C07180152A2E2C2200545822 /* Release */ = {
			isa = XCBuildConfiguration;
			buildSettings = {
				ALWAYS_SEARCH_USER_PATHS = NO;
				CLANG_ANALYZER_NONNULL = YES;
				CLANG_ANALYZER_NUMBER_OBJECT_CONVERSION = YES_AGGRESSIVE;
				CLANG_CXX_LANGUAGE_STANDARD = "gnu++20";
				CLANG_ENABLE_MODULES = YES;
				CLANG_ENABLE_OBJC_ARC = YES;
				CLANG_ENABLE_OBJC_WEAK = YES;
				CLANG_WARN_BLOCK_CAPTURE_AUTORELEASING = YES;
				CLANG_WARN_BOOL_CONVERSION = YES;
				CLANG_WARN_COMMA = YES;
				CLANG_WARN_CONSTANT_CONVERSION = YES;
				CLANG_WARN_DEPRECATED_OBJC_IMPLEMENTATIONS = YES;
				CLANG_WARN_DIRECT_OBJC_ISA_USAGE = YES_ERROR;
				CLANG_WARN_DOCUMENTATION_COMMENTS = YES;
				CLANG_WARN_EMPTY_BODY = YES;
				CLANG_WARN_ENUM_CONVERSION = YES;
				CLANG_WARN_INFINITE_RECURSION = YES;
				CLANG_WARN_INT_CONVERSION = YES;
				CLANG_WARN_NON_LITERAL_NULL_CONVERSION = YES;
				CLANG_WARN_OBJC_IMPLICIT_RETAIN_SELF = YES;
				CLANG_WARN_OBJC_LITERAL_CONVERSION = YES;
				CLANG_WARN_OBJC_ROOT_CLASS = YES_ERROR;
				CLANG_WARN_QUOTED_INCLUDE_IN_FRAMEWORK_HEADER = YES;
				CLANG_WARN_RANGE_LOOP_ANALYSIS = YES;
				CLANG_WARN_STRICT_PROTOTYPES = YES;
				CLANG_WARN_SUSPICIOUS_MOVE = YES;
				CLANG_WARN_UNGUARDED_AVAILABILITY = YES_AGGRESSIVE;
				CLANG_WARN_UNREACHABLE_CODE = YES;
				CLANG_WARN__DUPLICATE_METHOD_MATCH = YES;
				COPY_PHASE_STRIP = NO;
				DEBUG_INFORMATION_FORMAT = "dwarf-with-dsym";
				ENABLE_NS_ASSERTIONS = NO;
				ENABLE_STRICT_OBJC_MSGSEND = YES;
				GCC_C_LANGUAGE_STANDARD = gnu11;
				GCC_NO_COMMON_BLOCKS = YES;
				GCC_WARN_64_TO_32_BIT_CONVERSION = YES;
				GCC_WARN_ABOUT_RETURN_TYPE = YES_ERROR;
				GCC_WARN_UNDECLARED_SELECTOR = YES;
				GCC_WARN_UNINITIALIZED_AUTOS = YES_AGGRESSIVE;
				GCC_WARN_UNUSED_FUNCTION = YES;
				GCC_WARN_UNUSED_VARIABLE = YES;
				IPHONEOS_DEPLOYMENT_TARGET = 16.4;
				MTL_ENABLE_DEBUG_INFO = NO;
				MTL_FAST_MATH = YES;
				SDKROOT = iphoneos;
				SWIFT_COMPILATION_MODE = wholemodule;
				SWIFT_OPTIMIZATION_LEVEL = "-O";
				VALIDATE_PRODUCT = YES;
			};
			name = Release;
		};
		C07180172A2E2C2200545822 /* Debug */ = {
			isa = XCBuildConfiguration;
			buildSettings = {
				ASSETCATALOG_COMPILER_APPICON_NAME = AppIcon;
				ASSETCATALOG_COMPILER_GLOBAL_ACCENT_COLOR_NAME = AccentColor;
				CODE_SIGN_STYLE = Automatic;
				CURRENT_PROJECT_VERSION = 1;
				DEVELOPMENT_ASSET_PATHS = "\"C4-ISocial/Preview Content\"";
				DEVELOPMENT_TEAM = Z9J9U96FB7;
				ENABLE_PREVIEWS = YES;
				GENERATE_INFOPLIST_FILE = YES;
				INFOPLIST_KEY_UIApplicationSceneManifest_Generation = YES;
				INFOPLIST_KEY_UIApplicationSupportsIndirectInputEvents = YES;
				INFOPLIST_KEY_UILaunchScreen_Generation = YES;
				INFOPLIST_KEY_UISupportedInterfaceOrientations_iPad = "UIInterfaceOrientationPortrait UIInterfaceOrientationPortraitUpsideDown UIInterfaceOrientationLandscapeLeft UIInterfaceOrientationLandscapeRight";
				INFOPLIST_KEY_UISupportedInterfaceOrientations_iPhone = "UIInterfaceOrientationPortrait UIInterfaceOrientationLandscapeLeft UIInterfaceOrientationLandscapeRight";
				LD_RUNPATH_SEARCH_PATHS = (
					"$(inherited)",
					"@executable_path/Frameworks",
				);
				MARKETING_VERSION = 1.0;
				PRODUCT_BUNDLE_IDENTIFIER = "gabrielcs0.qtc.C4-ISocial";
				PRODUCT_NAME = "$(TARGET_NAME)";
				SWIFT_EMIT_LOC_STRINGS = YES;
				SWIFT_VERSION = 5.0;
				TARGETED_DEVICE_FAMILY = "1,2";
			};
			name = Debug;
		};
		C07180182A2E2C2200545822 /* Release */ = {
			isa = XCBuildConfiguration;
			buildSettings = {
				ASSETCATALOG_COMPILER_APPICON_NAME = AppIcon;
				ASSETCATALOG_COMPILER_GLOBAL_ACCENT_COLOR_NAME = AccentColor;
				CODE_SIGN_STYLE = Automatic;
				CURRENT_PROJECT_VERSION = 1;
				DEVELOPMENT_ASSET_PATHS = "\"C4-ISocial/Preview Content\"";
				DEVELOPMENT_TEAM = Z9J9U96FB7;
				ENABLE_PREVIEWS = YES;
				GENERATE_INFOPLIST_FILE = YES;
				INFOPLIST_KEY_UIApplicationSceneManifest_Generation = YES;
				INFOPLIST_KEY_UIApplicationSupportsIndirectInputEvents = YES;
				INFOPLIST_KEY_UILaunchScreen_Generation = YES;
				INFOPLIST_KEY_UISupportedInterfaceOrientations_iPad = "UIInterfaceOrientationPortrait UIInterfaceOrientationPortraitUpsideDown UIInterfaceOrientationLandscapeLeft UIInterfaceOrientationLandscapeRight";
				INFOPLIST_KEY_UISupportedInterfaceOrientations_iPhone = "UIInterfaceOrientationPortrait UIInterfaceOrientationLandscapeLeft UIInterfaceOrientationLandscapeRight";
				LD_RUNPATH_SEARCH_PATHS = (
					"$(inherited)",
					"@executable_path/Frameworks",
				);
				MARKETING_VERSION = 1.0;
				PRODUCT_BUNDLE_IDENTIFIER = "gabrielcs0.qtc.C4-ISocial";
				PRODUCT_NAME = "$(TARGET_NAME)";
				SWIFT_EMIT_LOC_STRINGS = YES;
				SWIFT_VERSION = 5.0;
				TARGETED_DEVICE_FAMILY = "1,2";
			};
			name = Release;
		};
/* End XCBuildConfiguration section */

/* Begin XCConfigurationList section */
		C07180032A2E2C2000545822 /* Build configuration list for PBXProject "C4-ISocial" */ = {
			isa = XCConfigurationList;
			buildConfigurations = (
				C07180142A2E2C2200545822 /* Debug */,
				C07180152A2E2C2200545822 /* Release */,
			);
			defaultConfigurationIsVisible = 0;
			defaultConfigurationName = Release;
		};
		C07180162A2E2C2200545822 /* Build configuration list for PBXNativeTarget "C4-ISocial" */ = {
			isa = XCConfigurationList;
			buildConfigurations = (
				C07180172A2E2C2200545822 /* Debug */,
				C07180182A2E2C2200545822 /* Release */,
			);
			defaultConfigurationIsVisible = 0;
			defaultConfigurationName = Release;
		};
/* End XCConfigurationList section */

/* Begin XCVersionGroup section */
		C005DD8E2A31094D001C2740 /* ISocial.xcdatamodeld */ = {
			isa = XCVersionGroup;
			children = (
				C005DD8F2A31094D001C2740 /* ISocial.xcdatamodel */,
			);
			currentVersion = C005DD8F2A31094D001C2740 /* ISocial.xcdatamodel */;
			path = ISocial.xcdatamodeld;
			sourceTree = "<group>";
			versionGroupType = wrapper.xcdatamodel;
		};
/* End XCVersionGroup section */
	};
	rootObject = C07180002A2E2C2000545822 /* Project object */;
}
